
Microsoft Visual Studio Solution File, Format Version 12.00
# Visual Studio Version 17
VisualStudioVersion = 17.8.34330.188
MinimumVisualStudioVersion = 10.0.40219.1
Project("{FAE04EC0-301F-11D3-BF4B-00C04F79EFBC}") = "ProducerConsumerWithMoniter", "ProducerConsumerWithMoniter\ProducerConsumerWithMoniter.csproj", "{4DFCFEE9-97A7-49BE-891F-3A99C1C1B568}"
EndProject
Global
	GlobalSection(SolutionConfigurationPlatforms) = preSolution
		Debug|Any CPU = Debug|Any CPU
		Release|Any CPU = Release|Any CPU
	EndGlobalSection
	GlobalSection(ProjectConfigurationPlatforms) = postSolution
		{4DFCFEE9-97A7-49BE-891F-3A99C1C1B568}.Debug|Any CPU.ActiveCfg = Debug|Any CPU
		{4DFCFEE9-97A7-49BE-891F-3A99C1C1B568}.Debug|Any CPU.Build.0 = Debug|Any CPU
		{4DFCFEE9-97A7-49BE-891F-3A99C1C1B568}.Release|Any CPU.ActiveCfg = Release|Any CPU
		{4DFCFEE9-97A7-49BE-891F-3A99C1C1B568}.Release|Any CPU.Build.0 = Release|Any CPU
	EndGlobalSection
	GlobalSection(SolutionProperties) = preSolution
		HideSolutionNode = FALSE
	EndGlobalSection
	GlobalSection(ExtensibilityGlobals) = postSolution
		SolutionGuid = {6256B00A-8005-4268-805E-6D125562792B}
	EndGlobalSection
EndGlobal
